
Microsoft Visual Studio Solution File, Format Version 12.00
# Visual Studio Version 16
VisualStudioVersion = 16.0.32106.194
MinimumVisualStudioVersion = 10.0.40219.1
Project("{FAE04EC0-301F-11D3-BF4B-00C04F79EFBC}") = "SPJMD", "SPJMD\SPJMD.csproj", "{C01E72A7-4044-420F-96CD-A190B1B41003}"
EndProject
Global
	GlobalSection(SolutionConfigurationPlatforms) = preSolution
		Debug|Any CPU = Debug|Any CPU
		Release|Any CPU = Release|Any CPU
	EndGlobalSection
	GlobalSection(ProjectConfigurationPlatforms) = postSolution
		{C01E72A7-4044-420F-96CD-A190B1B41003}.Debug|Any CPU.ActiveCfg = Debug|Any CPU
		{C01E72A7-4044-420F-96CD-A190B1B41003}.Debug|Any CPU.Build.0 = Debug|Any CPU
		{C01E72A7-4044-420F-96CD-A190B1B41003}.Release|Any CPU.ActiveCfg = Release|Any CPU
		{C01E72A7-4044-420F-96CD-A190B1B41003}.Release|Any CPU.Build.0 = Release|Any CPU
	EndGlobalSection
	GlobalSection(SolutionProperties) = preSolution
		HideSolutionNode = FALSE
	EndGlobalSection
	GlobalSection(ExtensibilityGlobals) = postSolution
		SolutionGuid = {616CDA99-9601-4DA8-A583-9A9161DFC1EB}
	EndGlobalSection
EndGlobal
